
Microsoft Visual Studio Solution File, Format Version 12.00
# Visual Studio Version 17
VisualStudioVersion = 17.2.32616.157
MinimumVisualStudioVersion = 10.0.40219.1
Project("{FAE04EC0-301F-11D3-BF4B-00C04F79EFBC}") = "Recursividade01", "Recursividade01\Recursividade01.csproj", "{B8B38909-0A4D-4BBE-965C-528494531FAD}"
EndProject
Global
	GlobalSection(SolutionConfigurationPlatforms) = preSolution
		Debug|Any CPU = Debug|Any CPU
		Release|Any CPU = Release|Any CPU
	EndGlobalSection
	GlobalSection(ProjectConfigurationPlatforms) = postSolution
		{B8B38909-0A4D-4BBE-965C-528494531FAD}.Debug|Any CPU.ActiveCfg = Debug|Any CPU
		{B8B38909-0A4D-4BBE-965C-528494531FAD}.Debug|Any CPU.Build.0 = Debug|Any CPU
		{B8B38909-0A4D-4BBE-965C-528494531FAD}.Release|Any CPU.ActiveCfg = Release|Any CPU
		{B8B38909-0A4D-4BBE-965C-528494531FAD}.Release|Any CPU.Build.0 = Release|Any CPU
	EndGlobalSection
	GlobalSection(SolutionProperties) = preSolution
		HideSolutionNode = FALSE
	EndGlobalSection
	GlobalSection(ExtensibilityGlobals) = postSolution
		SolutionGuid = {45A2D07A-BFC2-49E2-A48E-E4D83B7DA9AF}
	EndGlobalSection
EndGlobal
